
Microsoft Visual Studio Solution File, Format Version 12.00
# Visual Studio 15
VisualStudioVersion = 15.0.27130.2010
MinimumVisualStudioVersion = 10.0.40219.1
Project("{FAE04EC0-301F-11D3-BF4B-00C04F79EFBC}") = "SocialShare.Android", "SocialShare\SocialShare.Android\SocialShare.Android.csproj", "{EBDD4E35-C2F7-47C4-81F7-7F8AB45E8BBB}"
EndProject
Project("{FAE04EC0-301F-11D3-BF4B-00C04F79EFBC}") = "SocialShare.iOS", "SocialShare\SocialShare.iOS\SocialShare.iOS.csproj", "{284C8F67-D1DF-4E53-AB7C-858B193FC42C}"
EndProject
Project("{FAE04EC0-301F-11D3-BF4B-00C04F79EFBC}") = "SocialShare", "SocialShare\SocialShare\SocialShare.csproj", "{D02F50DD-7C33-443F-81E6-0DC69F532AF8}"
EndProject
Global
	GlobalSection(SolutionConfigurationPlatforms) = preSolution
		Ad-Hoc|Any CPU = Ad-Hoc|Any CPU
		Ad-Hoc|iPhone = Ad-Hoc|iPhone
		Ad-Hoc|iPhoneSimulator = Ad-Hoc|iPhoneSimulator
		AppStore|Any CPU = AppStore|Any CPU
		AppStore|iPhone = AppStore|iPhone
		AppStore|iPhoneSimulator = AppStore|iPhoneSimulator
		Debug|Any CPU = Debug|Any CPU
		Debug|iPhone = Debug|iPhone
		Debug|iPhoneSimulator = Debug|iPhoneSimulator
		Release|Any CPU = Release|Any CPU
		Release|iPhone = Release|iPhone
		Release|iPhoneSimulator = Release|iPhoneSimulator
	EndGlobalSection
	GlobalSection(ProjectConfigurationPlatforms) = postSolution
		{EBDD4E35-C2F7-47C4-81F7-7F8AB45E8BBB}.Ad-Hoc|Any CPU.ActiveCfg = Release|Any CPU
		{EBDD4E35-C2F7-47C4-81F7-7F8AB45E8BBB}.Ad-Hoc|Any CPU.Build.0 = Release|Any CPU
		{EBDD4E35-C2F7-47C4-81F7-7F8AB45E8BBB}.Ad-Hoc|Any CPU.Deploy.0 = Release|Any CPU
		{EBDD4E35-C2F7-47C4-81F7-7F8AB45E8BBB}.Ad-Hoc|iPhone.ActiveCfg = Release|Any CPU
		{EBDD4E35-C2F7-47C4-81F7-7F8AB45E8BBB}.Ad-Hoc|iPhone.Build.0 = Release|Any CPU
		{EBDD4E35-C2F7-47C4-81F7-7F8AB45E8BBB}.Ad-Hoc|iPhone.Deploy.0 = Release|Any CPU
		{EBDD4E35-C2F7-47C4-81F7-7F8AB45E8BBB}.Ad-Hoc|iPhoneSimulator.ActiveCfg = Release|Any CPU
		{EBDD4E35-C2F7-47C4-81F7-7F8AB45E8BBB}.Ad-Hoc|iPhoneSimulator.Build.0 = Release|Any CPU
		{EBDD4E35-C2F7-47C4-81F7-7F8AB45E8BBB}.Ad-Hoc|iPhoneSimulator.Deploy.0 = Release|Any CPU
		{EBDD4E35-C2F7-47C4-81F7-7F8AB45E8BBB}.AppStore|Any CPU.ActiveCfg = Release|Any CPU
		{EBDD4E35-C2F7-47C4-81F7-7F8AB45E8BBB}.AppStore|Any CPU.Build.0 = Release|Any CPU
		{EBDD4E35-C2F7-47C4-81F7-7F8AB45E8BBB}.AppStore|Any CPU.Deploy.0 = Release|Any CPU
		{EBDD4E35-C2F7-47C4-81F7-7F8AB45E8BBB}.AppStore|iPhone.ActiveCfg = Release|Any CPU
		{EBDD4E35-C2F7-47C4-81F7-7F8AB45E8BBB}.AppStore|iPhone.Build.0 = Release|Any CPU
		{EBDD4E35-C2F7-47C4-81F7-7F8AB45E8BBB}.AppStore|iPhone.Deploy.0 = Release|Any CPU
		{EBDD4E35-C2F7-47C4-81F7-7F8AB45E8BBB}.AppStore|iPhoneSimulator.ActiveCfg = Release|Any CPU
		{EBDD4E35-C2F7-47C4-81F7-7F8AB45E8BBB}.AppStore|iPhoneSimulator.Build.0 = Release|Any CPU
		{EBDD4E35-C2F7-47C4-81F7-7F8AB45E8BBB}.AppStore|iPhoneSimulator.Deploy.0 = Release|Any CPU
		{EBDD4E35-C2F7-47C4-81F7-7F8AB45E8BBB}.Debug|Any CPU.ActiveCfg = Debug|Any CPU
		{EBDD4E35-C2F7-47C4-81F7-7F8AB45E8BBB}.Debug|Any CPU.Build.0 = Debug|Any CPU
		{EBDD4E35-C2F7-47C4-81F7-7F8AB45E8BBB}.Debug|Any CPU.Deploy.0 = Debug|Any CPU
		{EBDD4E35-C2F7-47C4-81F7-7F8AB45E8BBB}.Debug|iPhone.ActiveCfg = Debug|Any CPU
		{EBDD4E35-C2F7-47C4-81F7-7F8AB45E8BBB}.Debug|iPhone.Build.0 = Debug|Any CPU
		{EBDD4E35-C2F7-47C4-81F7-7F8AB45E8BBB}.Debug|iPhone.Deploy.0 = Debug|Any CPU
		{EBDD4E35-C2F7-47C4-81F7-7F8AB45E8BBB}.Debug|iPhoneSimulator.ActiveCfg = Debug|Any CPU
		{EBDD4E35-C2F7-47C4-81F7-7F8AB45E8BBB}.Debug|iPhoneSimulator.Build.0 = Debug|Any CPU
		{EBDD4E35-C2F7-47C4-81F7-7F8AB45E8BBB}.Debug|iPhoneSimulator.Deploy.0 = Debug|Any CPU
		{EBDD4E35-C2F7-47C4-81F7-7F8AB45E8BBB}.Release|Any CPU.ActiveCfg = Release|Any CPU
		{EBDD4E35-C2F7-47C4-81F7-7F8AB45E8BBB}.Release|Any CPU.Build.0 = Release|Any CPU
		{EBDD4E35-C2F7-47C4-81F7-7F8AB45E8BBB}.Release|Any CPU.Deploy.0 = Release|Any CPU
		{EBDD4E35-C2F7-47C4-81F7-7F8AB45E8BBB}.Release|iPhone.ActiveCfg = Release|Any CPU
		{EBDD4E35-C2F7-47C4-81F7-7F8AB45E8BBB}.Release|iPhone.Build.0 = Release|Any CPU
		{EBDD4E35-C2F7-47C4-81F7-7F8AB45E8BBB}.Release|iPhone.Deploy.0 = Release|Any CPU
		{EBDD4E35-C2F7-47C4-81F7-7F8AB45E8BBB}.Release|iPhoneSimulator.ActiveCfg = Release|Any CPU
		{EBDD4E35-C2F7-47C4-81F7-7F8AB45E8BBB}.Release|iPhoneSimulator.Build.0 = Release|Any CPU
		{EBDD4E35-C2F7-47C4-81F7-7F8AB45E8BBB}.Release|iPhoneSimulator.Deploy.0 = Release|Any CPU
		{284C8F67-D1DF-4E53-AB7C-858B193FC42C}.Ad-Hoc|Any CPU.ActiveCfg = Ad-Hoc|iPhone
		{284C8F67-D1DF-4E53-AB7C-858B193FC42C}.Ad-Hoc|iPhone.ActiveCfg = Ad-Hoc|iPhone
		{284C8F67-D1DF-4E53-AB7C-858B193FC42C}.Ad-Hoc|iPhone.Build.0 = Ad-Hoc|iPhone
		{284C8F67-D1DF-4E53-AB7C-858B193FC42C}.Ad-Hoc|iPhoneSimulator.ActiveCfg = Ad-Hoc|iPhoneSimulator
		{284C8F67-D1DF-4E53-AB7C-858B193FC42C}.Ad-Hoc|iPhoneSimulator.Build.0 = Ad-Hoc|iPhoneSimulator
		{284C8F67-D1DF-4E53-AB7C-858B193FC42C}.AppStore|Any CPU.ActiveCfg = AppStore|iPhone
		{284C8F67-D1DF-4E53-AB7C-858B193FC42C}.AppStore|iPhone.ActiveCfg = AppStore|iPhone
		{284C8F67-D1DF-4E53-AB7C-858B193FC42C}.AppStore|iPhone.Build.0 = AppStore|iPhone
		{284C8F67-D1DF-4E53-AB7C-858B193FC42C}.AppStore|iPhoneSimulator.ActiveCfg = AppStore|iPhoneSimulator
		{284C8F67-D1DF-4E53-AB7C-858B193FC42C}.AppStore|iPhoneSimulator.Build.0 = AppStore|iPhoneSimulator
		{284C8F67-D1DF-4E53-AB7C-858B193FC42C}.Debug|Any CPU.ActiveCfg = Debug|iPhone
		{284C8F67-D1DF-4E53-AB7C-858B193FC42C}.Debug|iPhone.ActiveCfg = Debug|iPhone
		{284C8F67-D1DF-4E53-AB7C-858B193FC42C}.Debug|iPhone.Build.0 = Debug|iPhone
		{284C8F67-D1DF-4E53-AB7C-858B193FC42C}.Debug|iPhoneSimulator.ActiveCfg = Debug|iPhoneSimulator
		{284C8F67-D1DF-4E53-AB7C-858B193FC42C}.Debug|iPhoneSimulator.Build.0 = Debug|iPhoneSimulator
		{284C8F67-D1DF-4E53-AB7C-858B193FC42C}.Release|Any CPU.ActiveCfg = Release|iPhone
		{284C8F67-D1DF-4E53-AB7C-858B193FC42C}.Release|iPhone.ActiveCfg = Release|iPhone
		{284C8F67-D1DF-4E53-AB7C-858B193FC42C}.Release|iPhone.Build.0 = Release|iPhone
		{284C8F67-D1DF-4E53-AB7C-858B193FC42C}.Release|iPhoneSimulator.ActiveCfg = Release|iPhoneSimulator
		{284C8F67-D1DF-4E53-AB7C-858B193FC42C}.Release|iPhoneSimulator.Build.0 = Release|iPhoneSimulator
		{D02F50DD-7C33-443F-81E6-0DC69F532AF8}.Ad-Hoc|Any CPU.ActiveCfg = Debug|Any CPU
		{D02F50DD-7C33-443F-81E6-0DC69F532AF8}.Ad-Hoc|Any CPU.Build.0 = Debug|Any CPU
		{D02F50DD-7C33-443F-81E6-0DC69F532AF8}.Ad-Hoc|iPhone.ActiveCfg = Debug|Any CPU
		{D02F50DD-7C33-443F-81E6-0DC69F532AF8}.Ad-Hoc|iPhone.Build.0 = Debug|Any CPU
		{D02F50DD-7C33-443F-81E6-0DC69F532AF8}.Ad-Hoc|iPhoneSimulator.ActiveCfg = Debug|Any CPU
		{D02F50DD-7C33-443F-81E6-0DC69F532AF8}.Ad-Hoc|iPhoneSimulator.Build.0 = Debug|Any CPU
		{D02F50DD-7C33-443F-81E6-0DC69F532AF8}.AppStore|Any CPU.ActiveCfg = Debug|Any CPU
		{D02F50DD-7C33-443F-81E6-0DC69F532AF8}.AppStore|Any CPU.Build.0 = Debug|Any CPU
		{D02F50DD-7C33-443F-81E6-0DC69F532AF8}.AppStore|iPhone.ActiveCfg = Debug|Any CPU
		{D02F50DD-7C33-443F-81E6-0DC69F532AF8}.AppStore|iPhone.Build.0 = Debug|Any CPU
		{D02F50DD-7C33-443F-81E6-0DC69F532AF8}.AppStore|iPhoneSimulator.ActiveCfg = Debug|Any CPU
		{D02F50DD-7C33-443F-81E6-0DC69F532AF8}.AppStore|iPhoneSimulator.Build.0 = Debug|Any CPU
		{D02F50DD-7C33-443F-81E6-0DC69F532AF8}.Debug|Any CPU.ActiveCfg = Debug|Any CPU
		{D02F50DD-7C33-443F-81E6-0DC69F532AF8}.Debug|Any CPU.Build.0 = Debug|Any CPU
		{D02F50DD-7C33-443F-81E6-0DC69F532AF8}.Debug|iPhone.ActiveCfg = Debug|Any CPU
		{D02F50DD-7C33-443F-81E6-0DC69F532AF8}.Debug|iPhone.Build.0 = Debug|Any CPU
		{D02F50DD-7C33-443F-81E6-0DC69F532AF8}.Debug|iPhoneSimulator.ActiveCfg = Debug|Any CPU
		{D02F50DD-7C33-443F-81E6-0DC69F532AF8}.Debug|iPhoneSimulator.Build.0 = Debug|Any CPU
		{D02F50DD-7C33-443F-81E6-0DC69F532AF8}.Release|Any CPU.ActiveCfg = Release|Any CPU
		{D02F50DD-7C33-443F-81E6-0DC69F532AF8}.Release|Any CPU.Build.0 = Release|Any CPU
		{D02F50DD-7C33-443F-81E6-0DC69F532AF8}.Release|iPhone.ActiveCfg = Release|Any CPU
		{D02F50DD-7C33-443F-81E6-0DC69F532AF8}.Release|iPhone.Build.0 = Release|Any CPU
		{D02F50DD-7C33-443F-81E6-0DC69F532AF8}.Release|iPhoneSimulator.ActiveCfg = Release|Any CPU
		{D02F50DD-7C33-443F-81E6-0DC69F532AF8}.Release|iPhoneSimulator.Build.0 = Release|Any CPU
	EndGlobalSection
	GlobalSection(SolutionProperties) = preSolution
		HideSolutionNode = FALSE
	EndGlobalSection
	GlobalSection(ExtensibilityGlobals) = postSolution
		SolutionGuid = {7D4AFB8C-A457-49EF-B52D-A99A1BB919DE}
	EndGlobalSection
EndGlobal
